
Microsoft Visual Studio Solution File, Format Version 12.00
# Visual Studio Version 16
VisualStudioVersion = 16.0.31613.86
MinimumVisualStudioVersion = 10.0.40219.1
Project("{2150E333-8FDC-42A3-9474-1A3956D46DE8}") = "Person", "Person", "{8F9123E4-9252-4828-A303-F20E9F5970E7}"
EndProject
Project("{9A19103F-16F7-4668-BE54-9A1E7A4F7556}") = "MT.MicroService.Services.Person", "MT.MicroService.Services.Person\MT.MicroService.Services.Person.csproj", "{64572D9A-4571-41BE-A9D2-C7F9DDB2C350}"
EndProject
Project("{2150E333-8FDC-42A3-9474-1A3956D46DE8}") = "SolutionItems", "SolutionItems", "{621D08B0-47F1-4595-B026-4450604236F4}"
	ProjectSection(SolutionItems) = preProject
		Ports.txt = Ports.txt
		ReadMe.txt = ReadMe.txt
	EndProjectSection
EndProject
Project("{9A19103F-16F7-4668-BE54-9A1E7A4F7556}") = "MT.MicroService.Core", "MT.MicroService.Core\MT.MicroService.Core.csproj", "{31E524CB-EB3B-46D8-A2EE-DAFD06CBDDA8}"
EndProject
Project("{9A19103F-16F7-4668-BE54-9A1E7A4F7556}") = "MT.MicroService.Data", "MT.MicroService.Data\MT.MicroService.Data.csproj", "{19FD5C13-57B3-405B-B39C-92CB6362B0DB}"
EndProject
Project("{9A19103F-16F7-4668-BE54-9A1E7A4F7556}") = "MT.MicroService.Service", "MT.MicroService.Service\MT.MicroService.Service.csproj", "{763E31E2-CDE1-4EAB-A0A4-BD0DDFCDD133}"
EndProject
Project("{2150E333-8FDC-42A3-9474-1A3956D46DE8}") = "Report", "Report", "{0DA2545E-1E4A-4F7C-9582-80553D378D7A}"
EndProject
Project("{FAE04EC0-301F-11D3-BF4B-00C04F79EFBC}") = "MT.ReportService.Data", "MT.ReportService.Data\MT.ReportService.Data.csproj", "{4EED1045-C083-435C-97F1-1A458EC78EB8}"
EndProject
Project("{FAE04EC0-301F-11D3-BF4B-00C04F79EFBC}") = "MT.ReportService.API", "MT.ReportService.API\MT.ReportService.API.csproj", "{046E990A-61B6-4601-8826-50BE63A33387}"
EndProject
Project("{FAE04EC0-301F-11D3-BF4B-00C04F79EFBC}") = "MT.ReportService.Core", "MT.ReportService.Core\MT.ReportService.Core.csproj", "{73AE4BAD-7DF2-4B95-BA4B-3478649AF938}"
EndProject
Project("{FAE04EC0-301F-11D3-BF4B-00C04F79EFBC}") = "MT.ReportService.Service", "MT.ReportService.Service\MT.ReportService.Service.csproj", "{797E60CC-40C7-413F-96E8-46D135506193}"
EndProject
Global
	GlobalSection(SolutionConfigurationPlatforms) = preSolution
		Debug|Any CPU = Debug|Any CPU
		Release|Any CPU = Release|Any CPU
	EndGlobalSection
	GlobalSection(ProjectConfigurationPlatforms) = postSolution
		{64572D9A-4571-41BE-A9D2-C7F9DDB2C350}.Debug|Any CPU.ActiveCfg = Debug|Any CPU
		{64572D9A-4571-41BE-A9D2-C7F9DDB2C350}.Debug|Any CPU.Build.0 = Debug|Any CPU
		{64572D9A-4571-41BE-A9D2-C7F9DDB2C350}.Release|Any CPU.ActiveCfg = Release|Any CPU
		{64572D9A-4571-41BE-A9D2-C7F9DDB2C350}.Release|Any CPU.Build.0 = Release|Any CPU
		{31E524CB-EB3B-46D8-A2EE-DAFD06CBDDA8}.Debug|Any CPU.ActiveCfg = Debug|Any CPU
		{31E524CB-EB3B-46D8-A2EE-DAFD06CBDDA8}.Debug|Any CPU.Build.0 = Debug|Any CPU
		{31E524CB-EB3B-46D8-A2EE-DAFD06CBDDA8}.Release|Any CPU.ActiveCfg = Release|Any CPU
		{31E524CB-EB3B-46D8-A2EE-DAFD06CBDDA8}.Release|Any CPU.Build.0 = Release|Any CPU
		{19FD5C13-57B3-405B-B39C-92CB6362B0DB}.Debug|Any CPU.ActiveCfg = Debug|Any CPU
		{19FD5C13-57B3-405B-B39C-92CB6362B0DB}.Debug|Any CPU.Build.0 = Debug|Any CPU
		{19FD5C13-57B3-405B-B39C-92CB6362B0DB}.Release|Any CPU.ActiveCfg = Release|Any CPU
		{19FD5C13-57B3-405B-B39C-92CB6362B0DB}.Release|Any CPU.Build.0 = Release|Any CPU
		{763E31E2-CDE1-4EAB-A0A4-BD0DDFCDD133}.Debug|Any CPU.ActiveCfg = Debug|Any CPU
		{763E31E2-CDE1-4EAB-A0A4-BD0DDFCDD133}.Debug|Any CPU.Build.0 = Debug|Any CPU
		{763E31E2-CDE1-4EAB-A0A4-BD0DDFCDD133}.Release|Any CPU.ActiveCfg = Release|Any CPU
		{763E31E2-CDE1-4EAB-A0A4-BD0DDFCDD133}.Release|Any CPU.Build.0 = Release|Any CPU
		{4EED1045-C083-435C-97F1-1A458EC78EB8}.Debug|Any CPU.ActiveCfg = Debug|Any CPU
		{4EED1045-C083-435C-97F1-1A458EC78EB8}.Debug|Any CPU.Build.0 = Debug|Any CPU
		{4EED1045-C083-435C-97F1-1A458EC78EB8}.Release|Any CPU.ActiveCfg = Release|Any CPU
		{4EED1045-C083-435C-97F1-1A458EC78EB8}.Release|Any CPU.Build.0 = Release|Any CPU
		{046E990A-61B6-4601-8826-50BE63A33387}.Debug|Any CPU.ActiveCfg = Debug|Any CPU
		{046E990A-61B6-4601-8826-50BE63A33387}.Debug|Any CPU.Build.0 = Debug|Any CPU
		{046E990A-61B6-4601-8826-50BE63A33387}.Release|Any CPU.ActiveCfg = Release|Any CPU
		{046E990A-61B6-4601-8826-50BE63A33387}.Release|Any CPU.Build.0 = Release|Any CPU
		{73AE4BAD-7DF2-4B95-BA4B-3478649AF938}.Debug|Any CPU.ActiveCfg = Debug|Any CPU
		{73AE4BAD-7DF2-4B95-BA4B-3478649AF938}.Debug|Any CPU.Build.0 = Debug|Any CPU
		{73AE4BAD-7DF2-4B95-BA4B-3478649AF938}.Release|Any CPU.ActiveCfg = Release|Any CPU
		{73AE4BAD-7DF2-4B95-BA4B-3478649AF938}.Release|Any CPU.Build.0 = Release|Any CPU
		{797E60CC-40C7-413F-96E8-46D135506193}.Debug|Any CPU.ActiveCfg = Debug|Any CPU
		{797E60CC-40C7-413F-96E8-46D135506193}.Debug|Any CPU.Build.0 = Debug|Any CPU
		{797E60CC-40C7-413F-96E8-46D135506193}.Release|Any CPU.ActiveCfg = Release|Any CPU
		{797E60CC-40C7-413F-96E8-46D135506193}.Release|Any CPU.Build.0 = Release|Any CPU
	EndGlobalSection
	GlobalSection(SolutionProperties) = preSolution
		HideSolutionNode = FALSE
	EndGlobalSection
	GlobalSection(NestedProjects) = preSolution
		{64572D9A-4571-41BE-A9D2-C7F9DDB2C350} = {8F9123E4-9252-4828-A303-F20E9F5970E7}
		{31E524CB-EB3B-46D8-A2EE-DAFD06CBDDA8} = {8F9123E4-9252-4828-A303-F20E9F5970E7}
		{19FD5C13-57B3-405B-B39C-92CB6362B0DB} = {8F9123E4-9252-4828-A303-F20E9F5970E7}
		{763E31E2-CDE1-4EAB-A0A4-BD0DDFCDD133} = {8F9123E4-9252-4828-A303-F20E9F5970E7}
		{4EED1045-C083-435C-97F1-1A458EC78EB8} = {0DA2545E-1E4A-4F7C-9582-80553D378D7A}
		{046E990A-61B6-4601-8826-50BE63A33387} = {0DA2545E-1E4A-4F7C-9582-80553D378D7A}
		{73AE4BAD-7DF2-4B95-BA4B-3478649AF938} = {0DA2545E-1E4A-4F7C-9582-80553D378D7A}
		{797E60CC-40C7-413F-96E8-46D135506193} = {0DA2545E-1E4A-4F7C-9582-80553D378D7A}
	EndGlobalSection
	GlobalSection(ExtensibilityGlobals) = postSolution
		SolutionGuid = {BA5C3458-9252-4E5B-B6E7-F47F1D099190}
	EndGlobalSection
EndGlobal
